{
  "requires": true,
  "lockfileVersion": 1,
  "dependencies": {
    "@auth0/auth0-spa-js": {
      "version": "1.6.0",
      "resolved": "https://registry.npmjs.org/@auth0/auth0-spa-js/-/auth0-spa-js-1.6.0.tgz",
      "integrity": "sha512-W4vr9E3r79n2uEP0DEp/KGEW9sPRgH34iBEbtcgyhsQ1xV8SNzf50+dsaSZTOL0500FR+9CVeGnHz/q5V388OA==",
      "requires": {
        "browser-tabs-lock": "^1.2.1",
        "core-js": "^3.2.1",
        "es-cookie": "^1.2.0",
        "fast-text-encoding": "^1.0.0",
        "promise-polyfill": "^8.1.3",
        "unfetch": "^4.1.0"
      }
    },
    "browser-tabs-lock": {
      "version": "1.2.6",
      "resolved": "https://registry.npmjs.org/browser-tabs-lock/-/browser-tabs-lock-1.2.6.tgz",
      "integrity": "sha512-+FUo97nnOix/nQo+j4HyCO47bsJtfx1EFhj1rghqYx7N0MQ8D34aoP4eJGrMtN0D18s2OAGpbPqo/0ONGxDLiA=="
    },
    "core-js": {
      "version": "3.4.7",
      "resolved": "https://registry.npmjs.org/core-js/-/core-js-3.4.7.tgz",
      "integrity": "sha512-qaPVGw30J1wQ0GR3GvoPqlGf9GZfKKF4kFC7kiHlcsPTqH3txrs9crCp3ZiMAXuSenhz89Jnl4GZs/67S5VOSg=="
    },
    "es-cookie": {
      "version": "1.3.0",
      "resolved": "https://registry.npmjs.org/es-cookie/-/es-cookie-1.3.0.tgz",
      "integrity": "sha512-zwTwrryAbOlL2Ru+Id6irvwwrFPorqb8AHNL0dkU/u7XVwGN70qhAQoh+YIDtrk3150O//DwCA3DLgc7EjL/8g=="
    },
    "fast-text-encoding": {
      "version": "1.0.0",
      "resolved": "https://registry.npmjs.org/fast-text-encoding/-/fast-text-encoding-1.0.0.tgz",
      "integrity": "sha512-R9bHCvweUxxwkDwhjav5vxpFvdPGlVngtqmx4pIZfSUhM/Q4NiIUHB456BAf+Q1Nwu3HEZYONtu+Rya+af4jiQ=="
    },
    "promise-polyfill": {
      "version": "8.1.3",
      "resolved": "https://registry.npmjs.org/promise-polyfill/-/promise-polyfill-8.1.3.tgz",
      "integrity": "sha512-MG5r82wBzh7pSKDRa9y+vllNHz3e3d4CNj1PQE4BQYxLme0gKYYBm9YENq+UkEikyZ0XbiGWxYlVw3Rl9O/U8g=="
    },
    "unfetch": {
      "version": "4.1.0",
      "resolved": "https://registry.npmjs.org/unfetch/-/unfetch-4.1.0.tgz",
      "integrity": "sha512-crP/n3eAPUJxZXM9T80/yv0YhkTEx2K1D3h7D1AJM6fzsWZrxdyRuLN0JH/dkZh1LNH8LxCnBzoPFCPbb2iGpg=="
    }
  }
}
